// !$*UTF8*$!
{
	archiveVersion = 1;
	classes = {
	};
	objectVersion = 46;
	objects = {

/* Begin PBXBuildFile section */
		EF04A1E81C2505BC00918ACA /* Users+CoreDataProperties.swift in Sources */ = {isa = PBXBuildFile; fileRef = EF04A1E61C2505BC00918ACA /* Users+CoreDataProperties.swift */; };
		EF04A1E91C2505BC00918ACA /* Users.swift in Sources */ = {isa = PBXBuildFile; fileRef = EF04A1E71C2505BC00918ACA /* Users.swift */; };
		EF04A1EB1C251F3F00918ACA /* login-picture.jpg in Resources */ = {isa = PBXBuildFile; fileRef = EF04A1EA1C251F3F00918ACA /* login-picture.jpg */; };
		EF1D792E1C23887900BCA7F5 /* splash@2x.jpg in Resources */ = {isa = PBXBuildFile; fileRef = EF1D792C1C23887900BCA7F5 /* splash@2x.jpg */; };
		EF1D792F1C23887900BCA7F5 /* splash@3x.jpg in Resources */ = {isa = PBXBuildFile; fileRef = EF1D792D1C23887900BCA7F5 /* splash@3x.jpg */; };
		EF1D79421C23888400BCA7F5 /* Icon-60.png in Resources */ = {isa = PBXBuildFile; fileRef = EF1D79301C23888400BCA7F5 /* Icon-60.png */; };
		EF1D79431C23888400BCA7F5 /* Icon-60@2x.png in Resources */ = {isa = PBXBuildFile; fileRef = EF1D79311C23888400BCA7F5 /* Icon-60@2x.png */; };
		EF1D79441C23888400BCA7F5 /* Icon-60@3x.png in Resources */ = {isa = PBXBuildFile; fileRef = EF1D79321C23888400BCA7F5 /* Icon-60@3x.png */; };
		EF1D79451C23888400BCA7F5 /* Icon-72.png in Resources */ = {isa = PBXBuildFile; fileRef = EF1D79331C23888400BCA7F5 /* Icon-72.png */; };
		EF1D79461C23888400BCA7F5 /* Icon-72@2x.png in Resources */ = {isa = PBXBuildFile; fileRef = EF1D79341C23888400BCA7F5 /* Icon-72@2x.png */; };
		EF1D79471C23888400BCA7F5 /* Icon-76.png in Resources */ = {isa = PBXBuildFile; fileRef = EF1D79351C23888400BCA7F5 /* Icon-76.png */; };
		EF1D79481C23888400BCA7F5 /* Icon-76@2x.png in Resources */ = {isa = PBXBuildFile; fileRef = EF1D79361C23888400BCA7F5 /* Icon-76@2x.png */; };
		EF1D79491C23888400BCA7F5 /* Icon-Small-40.png in Resources */ = {isa = PBXBuildFile; fileRef = EF1D79371C23888400BCA7F5 /* Icon-Small-40.png */; };
		EF1D794A1C23888400BCA7F5 /* Icon-Small-40@2x.png in Resources */ = {isa = PBXBuildFile; fileRef = EF1D79381C23888400BCA7F5 /* Icon-Small-40@2x.png */; };
		EF1D794B1C23888400BCA7F5 /* Icon-Small-40@3x.png in Resources */ = {isa = PBXBuildFile; fileRef = EF1D79391C23888400BCA7F5 /* Icon-Small-40@3x.png */; };
		EF1D794C1C23888400BCA7F5 /* Icon-Small-50.png in Resources */ = {isa = PBXBuildFile; fileRef = EF1D793A1C23888400BCA7F5 /* Icon-Small-50.png */; };
		EF1D794D1C23888400BCA7F5 /* Icon-Small-50@2x.png in Resources */ = {isa = PBXBuildFile; fileRef = EF1D793B1C23888400BCA7F5 /* Icon-Small-50@2x.png */; };
		EF1D794E1C23888400BCA7F5 /* Icon-Small.png in Resources */ = {isa = PBXBuildFile; fileRef = EF1D793C1C23888400BCA7F5 /* Icon-Small.png */; };
		EF1D794F1C23888400BCA7F5 /* Icon-Small@2x.png in Resources */ = {isa = PBXBuildFile; fileRef = EF1D793D1C23888400BCA7F5 /* Icon-Small@2x.png */; };
		EF1D79501C23888400BCA7F5 /* Icon-Small@3x.png in Resources */ = {isa = PBXBuildFile; fileRef = EF1D793E1C23888400BCA7F5 /* Icon-Small@3x.png */; };
		EF1D79511C23888400BCA7F5 /* Icon.png in Resources */ = {isa = PBXBuildFile; fileRef = EF1D793F1C23888400BCA7F5 /* Icon.png */; };
		EF1D79521C23888400BCA7F5 /* Icon@2x.png in Resources */ = {isa = PBXBuildFile; fileRef = EF1D79401C23888400BCA7F5 /* Icon@2x.png */; };
		EF1D79531C23888400BCA7F5 /* iTunesArtwork@2x.png in Resources */ = {isa = PBXBuildFile; fileRef = EF1D79411C23888400BCA7F5 /* iTunesArtwork@2x.png */; };
		EF1D79561C23BAD500BCA7F5 /* ImageController.swift in Sources */ = {isa = PBXBuildFile; fileRef = EF1D79551C23BAD500BCA7F5 /* ImageController.swift */; };
		EF1D79591C23CB4000BCA7F5 /* SearchViewController.swift in Sources */ = {isa = PBXBuildFile; fileRef = EF1D79581C23CB4000BCA7F5 /* SearchViewController.swift */; };
		EF1D795B1C23CB9300BCA7F5 /* ResultsTableViewController.swift in Sources */ = {isa = PBXBuildFile; fileRef = EF1D795A1C23CB9300BCA7F5 /* ResultsTableViewController.swift */; };
		EF64F5A11C17C23600766ECF /* EnterViewController.swift in Sources */ = {isa = PBXBuildFile; fileRef = EF64F5A01C17C23600766ECF /* EnterViewController.swift */; };
		EF64F5A31C17C25600766ECF /* JoinViewController.swift in Sources */ = {isa = PBXBuildFile; fileRef = EF64F5A21C17C25600766ECF /* JoinViewController.swift */; };
		EF64F5A51C17C26F00766ECF /* LoginViewController.swift in Sources */ = {isa = PBXBuildFile; fileRef = EF64F5A41C17C26F00766ECF /* LoginViewController.swift */; };
		EF64F5A71C17C75B00766ECF /* Constants.swift in Sources */ = {isa = PBXBuildFile; fileRef = EF64F5A61C17C75B00766ECF /* Constants.swift */; };
		EF64F5A91C17C97400766ECF /* HomeCollectionViewController.swift in Sources */ = {isa = PBXBuildFile; fileRef = EF64F5A81C17C97400766ECF /* HomeCollectionViewController.swift */; };
		EF7719BE1C166F2B006D0AC5 /* WelcomeViewController.swift in Sources */ = {isa = PBXBuildFile; fileRef = EF7719BD1C166F2B006D0AC5 /* WelcomeViewController.swift */; };
		EF7719C11C167432006D0AC5 /* img.JPG in Resources */ = {isa = PBXBuildFile; fileRef = EF7719C01C167432006D0AC5 /* img.JPG */; };
		EF833B7B1C22696000735786 /* Reminders+CoreDataProperties.swift in Sources */ = {isa = PBXBuildFile; fileRef = EF833B791C22696000735786 /* Reminders+CoreDataProperties.swift */; };
		EF833B7C1C22696000735786 /* Reminders.swift in Sources */ = {isa = PBXBuildFile; fileRef = EF833B7A1C22696000735786 /* Reminders.swift */; };
		EFB032681C20E8210005E860 /* CategorySelectionCollectionViewCell.xib in Resources */ = {isa = PBXBuildFile; fileRef = EFB032671C20E8210005E860 /* CategorySelectionCollectionViewCell.xib */; };
		EFB0326A1C20E8D60005E860 /* CategorySelectionCollectionViewCell.swift in Sources */ = {isa = PBXBuildFile; fileRef = EFB032691C20E8D60005E860 /* CategorySelectionCollectionViewCell.swift */; };
		EFD9C2A21C1510E700E0B7A4 /* AppDelegate.swift in Sources */ = {isa = PBXBuildFile; fileRef = EFD9C2A11C1510E700E0B7A4 /* AppDelegate.swift */; };
		EFD9C2A91C1510E700E0B7A4 /* Main.storyboard in Resources */ = {isa = PBXBuildFile; fileRef = EFD9C2A71C1510E700E0B7A4 /* Main.storyboard */; };
		EFD9C2AB1C1510E700E0B7A4 /* Images.xcassets in Resources */ = {isa = PBXBuildFile; fileRef = EFD9C2AA1C1510E700E0B7A4 /* Images.xcassets */; };
		EFD9C2AE1C1510E700E0B7A4 /* LaunchScreen.xib in Resources */ = {isa = PBXBuildFile; fileRef = EFD9C2AC1C1510E700E0B7A4 /* LaunchScreen.xib */; };
		EFD9C2BA1C1510E700E0B7A4 /* Tie_a_StringTests.swift in Sources */ = {isa = PBXBuildFile; fileRef = EFD9C2B91C1510E700E0B7A4 /* Tie_a_StringTests.swift */; };
		EFD9C2CB1C15283E00E0B7A4 /* PageContentViewController.swift in Sources */ = {isa = PBXBuildFile; fileRef = EFD9C2CA1C15283E00E0B7A4 /* PageContentViewController.swift */; };
		EFDB23891C2602DF00FC2242 /* Automóvel.png in Resources */ = {isa = PBXBuildFile; fileRef = EFDB237A1C2602DF00FC2242 /* Automóvel.png */; };
		EFDB238A1C2602DF00FC2242 /* Documentos.png in Resources */ = {isa = PBXBuildFile; fileRef = EFDB237B1C2602DF00FC2242 /* Documentos.png */; };
		EFDB238B1C2602DF00FC2242 /* expired@2x.png in Resources */ = {isa = PBXBuildFile; fileRef = EFDB237C1C2602DF00FC2242 /* expired@2x.png */; };
		EFDB238C1C2602DF00FC2242 /* expired@3x.png in Resources */ = {isa = PBXBuildFile; fileRef = EFDB237D1C2602DF00FC2242 /* expired@3x.png */; };
		EFDB238D1C2602DF00FC2242 /* Alimentos.png in Resources */ = {isa = PBXBuildFile; fileRef = EFDB237E1C2602DF00FC2242 /* Alimentos.png */; };
		EFDB238E1C2602DF00FC2242 /* hand.png in Resources */ = {isa = PBXBuildFile; fileRef = EFDB237F1C2602DF00FC2242 /* hand.png */; };
		EFDB238F1C2602DF00FC2242 /* Saúde.png in Resources */ = {isa = PBXBuildFile; fileRef = EFDB23801C2602DF00FC2242 /* Saúde.png */; };
		EFDB23901C2602DF00FC2242 /* Residência.png in Resources */ = {isa = PBXBuildFile; fileRef = EFDB23811C2602DF00FC2242 /* Residência.png */; };
		EFDB23911C2602DF00FC2242 /* home@2x.png in Resources */ = {isa = PBXBuildFile; fileRef = EFDB23821C2602DF00FC2242 /* home@2x.png */; };
		EFDB23921C2602DF00FC2242 /* home@3x.png in Resources */ = {isa = PBXBuildFile; fileRef = EFDB23831C2602DF00FC2242 /* home@3x.png */; };
		EFDB23931C2602DF00FC2242 /* Financeiro.png in Resources */ = {isa = PBXBuildFile; fileRef = EFDB23841C2602DF00FC2242 /* Financeiro.png */; };
		EFDB23941C2602DF00FC2242 /* not-expired@2x.png in Resources */ = {isa = PBXBuildFile; fileRef = EFDB23851C2602DF00FC2242 /* not-expired@2x.png */; };
		EFDB23951C2602DF00FC2242 /* not-expired@3x.png in Resources */ = {isa = PBXBuildFile; fileRef = EFDB23861C2602DF00FC2242 /* not-expired@3x.png */; };
		EFDB23961C2602DF00FC2242 /* search@2x.png in Resources */ = {isa = PBXBuildFile; fileRef = EFDB23871C2602DF00FC2242 /* search@2x.png */; };
		EFDB23971C2602DF00FC2242 /* search@3x.png in Resources */ = {isa = PBXBuildFile; fileRef = EFDB23881C2602DF00FC2242 /* search@3x.png */; };
		EFDB23991C26115F00FC2242 /* ReminderTableViewCell.xib in Resources */ = {isa = PBXBuildFile; fileRef = EFDB23981C26115F00FC2242 /* ReminderTableViewCell.xib */; };
		EFDB239B1C26127600FC2242 /* ReminderTableViewCell.swift in Sources */ = {isa = PBXBuildFile; fileRef = EFDB239A1C26127600FC2242 /* ReminderTableViewCell.swift */; };
		EFF3A3271C1E4CAF00A6C942 /* NotExpiredTableViewController.swift in Sources */ = {isa = PBXBuildFile; fileRef = EFF3A3261C1E4CAF00A6C942 /* NotExpiredTableViewController.swift */; };
		EFF3A3291C1E4CC800A6C942 /* ExpiredTableViewController.swift in Sources */ = {isa = PBXBuildFile; fileRef = EFF3A3281C1E4CC800A6C942 /* ExpiredTableViewController.swift */; };
		EFF3A32D1C1E4EFC00A6C942 /* AddDetailsViewController.swift in Sources */ = {isa = PBXBuildFile; fileRef = EFF3A32C1C1E4EFC00A6C942 /* AddDetailsViewController.swift */; };
		EFF3A32F1C1E56B100A6C942 /* SelectCategoryCollectionViewController.swift in Sources */ = {isa = PBXBuildFile; fileRef = EFF3A32E1C1E56B100A6C942 /* SelectCategoryCollectionViewController.swift */; };
		EFF80E9B1C1FB7D000CE7D4E /* DataController.swift in Sources */ = {isa = PBXBuildFile; fileRef = EFF80E9A1C1FB7D000CE7D4E /* DataController.swift */; };
		EFF80E9E1C1FC2C200CE7D4E /* DataModel.xcdatamodeld in Sources */ = {isa = PBXBuildFile; fileRef = EFF80E9C1C1FC2C200CE7D4E /* DataModel.xcdatamodeld */; };
		EFF80EA11C1FC2F900CE7D4E /* Categories+CoreDataProperties.swift in Sources */ = {isa = PBXBuildFile; fileRef = EFF80E9F1C1FC2F900CE7D4E /* Categories+CoreDataProperties.swift */; };
		EFF80EA21C1FC2F900CE7D4E /* Categories.swift in Sources */ = {isa = PBXBuildFile; fileRef = EFF80EA01C1FC2F900CE7D4E /* Categories.swift */; };
/* End PBXBuildFile section */

/* Begin PBXContainerItemProxy section */
		EFD9C2B41C1510E700E0B7A4 /* PBXContainerItemProxy */ = {
			isa = PBXContainerItemProxy;
			containerPortal = EFD9C2941C1510E700E0B7A4 /* Project object */;
			proxyType = 1;
			remoteGlobalIDString = EFD9C29B1C1510E700E0B7A4;
			remoteInfo = "Tie a String";
		};
/* End PBXContainerItemProxy section */

/* Begin PBXFileReference section */
		EF04A1E61C2505BC00918ACA /* Users+CoreDataProperties.swift */ = {isa = PBXFileReference; fileEncoding = 4; lastKnownFileType = sourcecode.swift; path = "Users+CoreDataProperties.swift"; sourceTree = "<group>"; };
		EF04A1E71C2505BC00918ACA /* Users.swift */ = {isa = PBXFileReference; fileEncoding = 4; lastKnownFileType = sourcecode.swift; path = Users.swift; sourceTree = "<group>"; };
		EF04A1EA1C251F3F00918ACA /* login-picture.jpg */ = {isa = PBXFileReference; lastKnownFileType = image.jpeg; path = "login-picture.jpg"; sourceTree = "<group>"; };
		EF1D792C1C23887900BCA7F5 /* splash@2x.jpg */ = {isa = PBXFileReference; lastKnownFileType = image.jpeg; path = "splash@2x.jpg"; sourceTree = "<group>"; };
		EF1D792D1C23887900BCA7F5 /* splash@3x.jpg */ = {isa = PBXFileReference; lastKnownFileType = image.jpeg; path = "splash@3x.jpg"; sourceTree = "<group>"; };
		EF1D79301C23888400BCA7F5 /* Icon-60.png */ = {isa = PBXFileReference; lastKnownFileType = image.png; path = "Icon-60.png"; sourceTree = "<group>"; };
		EF1D79311C23888400BCA7F5 /* Icon-60@2x.png */ = {isa = PBXFileReference; lastKnownFileType = image.png; path = "Icon-60@2x.png"; sourceTree = "<group>"; };
		EF1D79321C23888400BCA7F5 /* Icon-60@3x.png */ = {isa = PBXFileReference; lastKnownFileType = image.png; path = "Icon-60@3x.png"; sourceTree = "<group>"; };
		EF1D79331C23888400BCA7F5 /* Icon-72.png */ = {isa = PBXFileReference; lastKnownFileType = image.png; path = "Icon-72.png"; sourceTree = "<group>"; };
		EF1D79341C23888400BCA7F5 /* Icon-72@2x.png */ = {isa = PBXFileReference; lastKnownFileType = image.png; path = "Icon-72@2x.png"; sourceTree = "<group>"; };
		EF1D79351C23888400BCA7F5 /* Icon-76.png */ = {isa = PBXFileReference; lastKnownFileType = image.png; path = "Icon-76.png"; sourceTree = "<group>"; };
		EF1D79361C23888400BCA7F5 /* Icon-76@2x.png */ = {isa = PBXFileReference; lastKnownFileType = image.png; path = "Icon-76@2x.png"; sourceTree = "<group>"; };
		EF1D79371C23888400BCA7F5 /* Icon-Small-40.png */ = {isa = PBXFileReference; lastKnownFileType = image.png; path = "Icon-Small-40.png"; sourceTree = "<group>"; };
		EF1D79381C23888400BCA7F5 /* Icon-Small-40@2x.png */ = {isa = PBXFileReference; lastKnownFileType = image.png; path = "Icon-Small-40@2x.png"; sourceTree = "<group>"; };
		EF1D79391C23888400BCA7F5 /* Icon-Small-40@3x.png */ = {isa = PBXFileReference; lastKnownFileType = image.png; path = "Icon-Small-40@3x.png"; sourceTree = "<group>"; };
		EF1D793A1C23888400BCA7F5 /* Icon-Small-50.png */ = {isa = PBXFileReference; lastKnownFileType = image.png; path = "Icon-Small-50.png"; sourceTree = "<group>"; };
		EF1D793B1C23888400BCA7F5 /* Icon-Small-50@2x.png */ = {isa = PBXFileReference; lastKnownFileType = image.png; path = "Icon-Small-50@2x.png"; sourceTree = "<group>"; };
		EF1D793C1C23888400BCA7F5 /* Icon-Small.png */ = {isa = PBXFileReference; lastKnownFileType = image.png; path = "Icon-Small.png"; sourceTree = "<group>"; };
		EF1D793D1C23888400BCA7F5 /* Icon-Small@2x.png */ = {isa = PBXFileReference; lastKnownFileType = image.png; path = "Icon-Small@2x.png"; sourceTree = "<group>"; };
		EF1D793E1C23888400BCA7F5 /* Icon-Small@3x.png */ = {isa = PBXFileReference; lastKnownFileType = image.png; path = "Icon-Small@3x.png"; sourceTree = "<group>"; };
		EF1D793F1C23888400BCA7F5 /* Icon.png */ = {isa = PBXFileReference; lastKnownFileType = image.png; path = Icon.png; sourceTree = "<group>"; };
		EF1D79401C23888400BCA7F5 /* Icon@2x.png */ = {isa = PBXFileReference; lastKnownFileType = image.png; path = "Icon@2x.png"; sourceTree = "<group>"; };
		EF1D79411C23888400BCA7F5 /* iTunesArtwork@2x.png */ = {isa = PBXFileReference; lastKnownFileType = image.png; path = "iTunesArtwork@2x.png"; sourceTree = "<group>"; };
		EF1D79551C23BAD500BCA7F5 /* ImageController.swift */ = {isa = PBXFileReference; fileEncoding = 4; lastKnownFileType = sourcecode.swift; path = ImageController.swift; sourceTree = "<group>"; };
		EF1D79581C23CB4000BCA7F5 /* SearchViewController.swift */ = {isa = PBXFileReference; fileEncoding = 4; lastKnownFileType = sourcecode.swift; path = SearchViewController.swift; sourceTree = "<group>"; };
		EF1D795A1C23CB9300BCA7F5 /* ResultsTableViewController.swift */ = {isa = PBXFileReference; fileEncoding = 4; lastKnownFileType = sourcecode.swift; path = ResultsTableViewController.swift; sourceTree = "<group>"; };
		EF64F5A01C17C23600766ECF /* EnterViewController.swift */ = {isa = PBXFileReference; fileEncoding = 4; lastKnownFileType = sourcecode.swift; path = EnterViewController.swift; sourceTree = "<group>"; };
		EF64F5A21C17C25600766ECF /* JoinViewController.swift */ = {isa = PBXFileReference; fileEncoding = 4; lastKnownFileType = sourcecode.swift; path = JoinViewController.swift; sourceTree = "<group>"; };
		EF64F5A41C17C26F00766ECF /* LoginViewController.swift */ = {isa = PBXFileReference; fileEncoding = 4; lastKnownFileType = sourcecode.swift; path = LoginViewController.swift; sourceTree = "<group>"; };
		EF64F5A61C17C75B00766ECF /* Constants.swift */ = {isa = PBXFileReference; fileEncoding = 4; lastKnownFileType = sourcecode.swift; path = Constants.swift; sourceTree = "<group>"; };
		EF64F5A81C17C97400766ECF /* HomeCollectionViewController.swift */ = {isa = PBXFileReference; fileEncoding = 4; lastKnownFileType = sourcecode.swift; path = HomeCollectionViewController.swift; sourceTree = "<group>"; };
		EF7719BD1C166F2B006D0AC5 /* WelcomeViewController.swift */ = {isa = PBXFileReference; fileEncoding = 4; lastKnownFileType = sourcecode.swift; path = WelcomeViewController.swift; sourceTree = "<group>"; };
		EF7719C01C167432006D0AC5 /* img.JPG */ = {isa = PBXFileReference; lastKnownFileType = image.jpeg; path = img.JPG; sourceTree = "<group>"; };
		EF833B791C22696000735786 /* Reminders+CoreDataProperties.swift */ = {isa = PBXFileReference; fileEncoding = 4; lastKnownFileType = sourcecode.swift; path = "Reminders+CoreDataProperties.swift"; sourceTree = "<group>"; };
		EF833B7A1C22696000735786 /* Reminders.swift */ = {isa = PBXFileReference; fileEncoding = 4; lastKnownFileType = sourcecode.swift; path = Reminders.swift; sourceTree = "<group>"; };
		EFB032671C20E8210005E860 /* CategorySelectionCollectionViewCell.xib */ = {isa = PBXFileReference; fileEncoding = 4; lastKnownFileType = file.xib; path = CategorySelectionCollectionViewCell.xib; sourceTree = "<group>"; };
		EFB032691C20E8D60005E860 /* CategorySelectionCollectionViewCell.swift */ = {isa = PBXFileReference; fileEncoding = 4; lastKnownFileType = sourcecode.swift; path = CategorySelectionCollectionViewCell.swift; sourceTree = "<group>"; };
		EFD9C29C1C1510E700E0B7A4 /* Tie a String.app */ = {isa = PBXFileReference; explicitFileType = wrapper.application; includeInIndex = 0; path = "Tie a String.app"; sourceTree = BUILT_PRODUCTS_DIR; };
		EFD9C2A01C1510E700E0B7A4 /* Info.plist */ = {isa = PBXFileReference; lastKnownFileType = text.plist.xml; path = Info.plist; sourceTree = "<group>"; };
		EFD9C2A11C1510E700E0B7A4 /* AppDelegate.swift */ = {isa = PBXFileReference; lastKnownFileType = sourcecode.swift; path = AppDelegate.swift; sourceTree = "<group>"; };
		EFD9C2A81C1510E700E0B7A4 /* Base */ = {isa = PBXFileReference; lastKnownFileType = file.storyboard; name = Base; path = Base.lproj/Main.storyboard; sourceTree = "<group>"; };
		EFD9C2AA1C1510E700E0B7A4 /* Images.xcassets */ = {isa = PBXFileReference; lastKnownFileType = folder.assetcatalog; path = Images.xcassets; sourceTree = "<group>"; };
		EFD9C2AD1C1510E700E0B7A4 /* Base */ = {isa = PBXFileReference; lastKnownFileType = file.xib; name = Base; path = Base.lproj/LaunchScreen.xib; sourceTree = "<group>"; };
		EFD9C2B31C1510E700E0B7A4 /* Tie a StringTests.xctest */ = {isa = PBXFileReference; explicitFileType = wrapper.cfbundle; includeInIndex = 0; path = "Tie a StringTests.xctest"; sourceTree = BUILT_PRODUCTS_DIR; };
		EFD9C2B81C1510E700E0B7A4 /* Info.plist */ = {isa = PBXFileReference; lastKnownFileType = text.plist.xml; path = Info.plist; sourceTree = "<group>"; };
		EFD9C2B91C1510E700E0B7A4 /* Tie_a_StringTests.swift */ = {isa = PBXFileReference; lastKnownFileType = sourcecode.swift; path = Tie_a_StringTests.swift; sourceTree = "<group>"; };
		EFD9C2CA1C15283E00E0B7A4 /* PageContentViewController.swift */ = {isa = PBXFileReference; fileEncoding = 4; lastKnownFileType = sourcecode.swift; path = PageContentViewController.swift; sourceTree = "<group>"; };
		EFDB237A1C2602DF00FC2242 /* Automóvel.png */ = {isa = PBXFileReference; lastKnownFileType = image.png; path = "Automóvel.png"; sourceTree = "<group>"; };
		EFDB237B1C2602DF00FC2242 /* Documentos.png */ = {isa = PBXFileReference; lastKnownFileType = image.png; path = Documentos.png; sourceTree = "<group>"; };
		EFDB237C1C2602DF00FC2242 /* expired@2x.png */ = {isa = PBXFileReference; lastKnownFileType = image.png; path = "expired@2x.png"; sourceTree = "<group>"; };
		EFDB237D1C2602DF00FC2242 /* expired@3x.png */ = {isa = PBXFileReference; lastKnownFileType = image.png; path = "expired@3x.png"; sourceTree = "<group>"; };
		EFDB237E1C2602DF00FC2242 /* Alimentos.png */ = {isa = PBXFileReference; lastKnownFileType = image.png; path = Alimentos.png; sourceTree = "<group>"; };
		EFDB237F1C2602DF00FC2242 /* hand.png */ = {isa = PBXFileReference; lastKnownFileType = image.png; path = hand.png; sourceTree = "<group>"; };
		EFDB23801C2602DF00FC2242 /* Saúde.png */ = {isa = PBXFileReference; lastKnownFileType = image.png; path = "Saúde.png"; sourceTree = "<group>"; };
		EFDB23811C2602DF00FC2242 /* Residência.png */ = {isa = PBXFileReference; lastKnownFileType = image.png; path = "Residência.png"; sourceTree = "<group>"; };
		EFDB23821C2602DF00FC2242 /* home@2x.png */ = {isa = PBXFileReference; lastKnownFileType = image.png; path = "home@2x.png"; sourceTree = "<group>"; };
		EFDB23831C2602DF00FC2242 /* home@3x.png */ = {isa = PBXFileReference; lastKnownFileType = image.png; path = "home@3x.png"; sourceTree = "<group>"; };
		EFDB23841C2602DF00FC2242 /* Financeiro.png */ = {isa = PBXFileReference; lastKnownFileType = image.png; path = Financeiro.png; sourceTree = "<group>"; };
		EFDB23851C2602DF00FC2242 /* not-expired@2x.png */ = {isa = PBXFileReference; lastKnownFileType = image.png; path = "not-expired@2x.png"; sourceTree = "<group>"; };
		EFDB23861C2602DF00FC2242 /* not-expired@3x.png */ = {isa = PBXFileReference; lastKnownFileType = image.png; path = "not-expired@3x.png"; sourceTree = "<group>"; };
		EFDB23871C2602DF00FC2242 /* search@2x.png */ = {isa = PBXFileReference; lastKnownFileType = image.png; path = "search@2x.png"; sourceTree = "<group>"; };
		EFDB23881C2602DF00FC2242 /* search@3x.png */ = {isa = PBXFileReference; lastKnownFileType = image.png; path = "search@3x.png"; sourceTree = "<group>"; };
		EFDB23981C26115F00FC2242 /* ReminderTableViewCell.xib */ = {isa = PBXFileReference; fileEncoding = 4; lastKnownFileType = file.xib; path = ReminderTableViewCell.xib; sourceTree = "<group>"; };
		EFDB239A1C26127600FC2242 /* ReminderTableViewCell.swift */ = {isa = PBXFileReference; fileEncoding = 4; lastKnownFileType = sourcecode.swift; path = ReminderTableViewCell.swift; sourceTree = "<group>"; };
		EFF3A3261C1E4CAF00A6C942 /* NotExpiredTableViewController.swift */ = {isa = PBXFileReference; fileEncoding = 4; lastKnownFileType = sourcecode.swift; path = NotExpiredTableViewController.swift; sourceTree = "<group>"; };
		EFF3A3281C1E4CC800A6C942 /* ExpiredTableViewController.swift */ = {isa = PBXFileReference; fileEncoding = 4; lastKnownFileType = sourcecode.swift; path = ExpiredTableViewController.swift; sourceTree = "<group>"; };
		EFF3A32C1C1E4EFC00A6C942 /* AddDetailsViewController.swift */ = {isa = PBXFileReference; fileEncoding = 4; lastKnownFileType = sourcecode.swift; path = AddDetailsViewController.swift; sourceTree = "<group>"; };
		EFF3A32E1C1E56B100A6C942 /* SelectCategoryCollectionViewController.swift */ = {isa = PBXFileReference; fileEncoding = 4; lastKnownFileType = sourcecode.swift; path = SelectCategoryCollectionViewController.swift; sourceTree = "<group>"; };
		EFF80E9A1C1FB7D000CE7D4E /* DataController.swift */ = {isa = PBXFileReference; fileEncoding = 4; indentWidth = 4; lastKnownFileType = sourcecode.swift; path = DataController.swift; sourceTree = "<group>"; tabWidth = 4; };
		EFF80E9D1C1FC2C200CE7D4E /* DataModel.xcdatamodel */ = {isa = PBXFileReference; lastKnownFileType = wrapper.xcdatamodel; path = DataModel.xcdatamodel; sourceTree = "<group>"; };
		EFF80E9F1C1FC2F900CE7D4E /* Categories+CoreDataProperties.swift */ = {isa = PBXFileReference; fileEncoding = 4; lastKnownFileType = sourcecode.swift; path = "Categories+CoreDataProperties.swift"; sourceTree = "<group>"; };
		EFF80EA01C1FC2F900CE7D4E /* Categories.swift */ = {isa = PBXFileReference; fileEncoding = 4; lastKnownFileType = sourcecode.swift; path = Categories.swift; sourceTree = "<group>"; };
/* End PBXFileReference section */

/* Begin PBXFrameworksBuildPhase section */
		EFD9C2991C1510E700E0B7A4 /* Frameworks */ = {
			isa = PBXFrameworksBuildPhase;
			buildActionMask = 2147483647;
			files = (
			);
			runOnlyForDeploymentPostprocessing = 0;
		};
		EFD9C2B01C1510E700E0B7A4 /* Frameworks */ = {
			isa = PBXFrameworksBuildPhase;
			buildActionMask = 2147483647;
			files = (
			);
			runOnlyForDeploymentPostprocessing = 0;
		};
/* End PBXFrameworksBuildPhase section */

/* Begin PBXGroup section */
		EF1D792A1C23886000BCA7F5 /* icons */ = {
			isa = PBXGroup;
			children = (
				EFDB237A1C2602DF00FC2242 /* Automóvel.png */,
				EFDB237B1C2602DF00FC2242 /* Documentos.png */,
				EFDB237C1C2602DF00FC2242 /* expired@2x.png */,
				EFDB237D1C2602DF00FC2242 /* expired@3x.png */,
				EFDB237E1C2602DF00FC2242 /* Alimentos.png */,
				EFDB237F1C2602DF00FC2242 /* hand.png */,
				EFDB23801C2602DF00FC2242 /* Saúde.png */,
				EFDB23811C2602DF00FC2242 /* Residência.png */,
				EFDB23821C2602DF00FC2242 /* home@2x.png */,
				EFDB23831C2602DF00FC2242 /* home@3x.png */,
				EFDB23841C2602DF00FC2242 /* Financeiro.png */,
				EFDB23851C2602DF00FC2242 /* not-expired@2x.png */,
				EFDB23861C2602DF00FC2242 /* not-expired@3x.png */,
				EFDB23871C2602DF00FC2242 /* search@2x.png */,
				EFDB23881C2602DF00FC2242 /* search@3x.png */,
				EF1D79301C23888400BCA7F5 /* Icon-60.png */,
				EF1D79311C23888400BCA7F5 /* Icon-60@2x.png */,
				EF1D79321C23888400BCA7F5 /* Icon-60@3x.png */,
				EF1D79331C23888400BCA7F5 /* Icon-72.png */,
				EF1D79341C23888400BCA7F5 /* Icon-72@2x.png */,
				EF1D79351C23888400BCA7F5 /* Icon-76.png */,
				EF1D79361C23888400BCA7F5 /* Icon-76@2x.png */,
				EF1D79371C23888400BCA7F5 /* Icon-Small-40.png */,
				EF1D79381C23888400BCA7F5 /* Icon-Small-40@2x.png */,
				EF1D79391C23888400BCA7F5 /* Icon-Small-40@3x.png */,
				EF1D793A1C23888400BCA7F5 /* Icon-Small-50.png */,
				EF1D793B1C23888400BCA7F5 /* Icon-Small-50@2x.png */,
				EF1D793C1C23888400BCA7F5 /* Icon-Small.png */,
				EF1D793D1C23888400BCA7F5 /* Icon-Small@2x.png */,
				EF1D793E1C23888400BCA7F5 /* Icon-Small@3x.png */,
				EF1D793F1C23888400BCA7F5 /* Icon.png */,
				EF1D79401C23888400BCA7F5 /* Icon@2x.png */,
				EF1D79411C23888400BCA7F5 /* iTunesArtwork@2x.png */,
			);
			name = icons;
			sourceTree = "<group>";
		};
		EF1D792B1C23886800BCA7F5 /* splash */ = {
			isa = PBXGroup;
			children = (
				EF1D792C1C23887900BCA7F5 /* splash@2x.jpg */,
				EF1D792D1C23887900BCA7F5 /* splash@3x.jpg */,
			);
			name = splash;
			sourceTree = "<group>";
		};
		EF7719BF1C167412006D0AC5 /* Assets */ = {
			isa = PBXGroup;
			children = (
				EF1D792B1C23886800BCA7F5 /* splash */,
				EF1D792A1C23886000BCA7F5 /* icons */,
				EF7719C01C167432006D0AC5 /* img.JPG */,
				EF04A1EA1C251F3F00918ACA /* login-picture.jpg */,
				EF64F5A61C17C75B00766ECF /* Constants.swift */,
			);
			name = Assets;
			sourceTree = "<group>";
		};
		EFB032661C20E7EB0005E860 /* View */ = {
			isa = PBXGroup;
			children = (
				EFB032671C20E8210005E860 /* CategorySelectionCollectionViewCell.xib */,
				EFB032691C20E8D60005E860 /* CategorySelectionCollectionViewCell.swift */,
				EFDB23981C26115F00FC2242 /* ReminderTableViewCell.xib */,
				EFDB239A1C26127600FC2242 /* ReminderTableViewCell.swift */,
			);
			name = View;
			sourceTree = "<group>";
		};
		EFD9C2931C1510E700E0B7A4 = {
			isa = PBXGroup;
			children = (
				EFD9C29E1C1510E700E0B7A4 /* Tie a String */,
				EFD9C2B61C1510E700E0B7A4 /* Tie a StringTests */,
				EFD9C29D1C1510E700E0B7A4 /* Products */,
			);
			sourceTree = "<group>";
		};
		EFD9C29D1C1510E700E0B7A4 /* Products */ = {
			isa = PBXGroup;
			children = (
				EFD9C29C1C1510E700E0B7A4 /* Tie a String.app */,
				EFD9C2B31C1510E700E0B7A4 /* Tie a StringTests.xctest */,
			);
			name = Products;
			sourceTree = "<group>";
		};
		EFD9C29E1C1510E700E0B7A4 /* Tie a String */ = {
			isa = PBXGroup;
			children = (
				EFB032661C20E7EB0005E860 /* View */,
				EFF3A3361C1E5FFF00A6C942 /* Model */,
				EFF3A3301C1E596000A6C942 /* Data */,
				EF7719BF1C167412006D0AC5 /* Assets */,
				EFD9C2C31C151E7500E0B7A4 /* Controller */,
				EFD9C2A11C1510E700E0B7A4 /* AppDelegate.swift */,
				EFD9C2A71C1510E700E0B7A4 /* Main.storyboard */,
				EFD9C2AA1C1510E700E0B7A4 /* Images.xcassets */,
				EFD9C2AC1C1510E700E0B7A4 /* LaunchScreen.xib */,
				EFD9C29F1C1510E700E0B7A4 /* Supporting Files */,
			);
			path = "Tie a String";
			sourceTree = "<group>";
		};
		EFD9C29F1C1510E700E0B7A4 /* Supporting Files */ = {
			isa = PBXGroup;
			children = (
				EFD9C2A01C1510E700E0B7A4 /* Info.plist */,
			);
			name = "Supporting Files";
			sourceTree = "<group>";
		};
		EFD9C2B61C1510E700E0B7A4 /* Tie a StringTests */ = {
			isa = PBXGroup;
			children = (
				EFD9C2B91C1510E700E0B7A4 /* Tie_a_StringTests.swift */,
				EFD9C2B71C1510E700E0B7A4 /* Supporting Files */,
			);
			path = "Tie a StringTests";
			sourceTree = "<group>";
		};
		EFD9C2B71C1510E700E0B7A4 /* Supporting Files */ = {
			isa = PBXGroup;
			children = (
				EFD9C2B81C1510E700E0B7A4 /* Info.plist */,
			);
			name = "Supporting Files";
			sourceTree = "<group>";
		};
		EFD9C2C31C151E7500E0B7A4 /* Controller */ = {
			isa = PBXGroup;
			children = (
				EFF3A32C1C1E4EFC00A6C942 /* AddDetailsViewController.swift */,
				EF64F5A01C17C23600766ECF /* EnterViewController.swift */,
				EFF3A3281C1E4CC800A6C942 /* ExpiredTableViewController.swift */,
				EF64F5A81C17C97400766ECF /* HomeCollectionViewController.swift */,
				EF64F5A21C17C25600766ECF /* JoinViewController.swift */,
				EF64F5A41C17C26F00766ECF /* LoginViewController.swift */,
				EFF3A3261C1E4CAF00A6C942 /* NotExpiredTableViewController.swift */,
				EFD9C2CA1C15283E00E0B7A4 /* PageContentViewController.swift */,
				EFF3A32E1C1E56B100A6C942 /* SelectCategoryCollectionViewController.swift */,
				EF7719BD1C166F2B006D0AC5 /* WelcomeViewController.swift */,
				EF1D79581C23CB4000BCA7F5 /* SearchViewController.swift */,
				EF1D795A1C23CB9300BCA7F5 /* ResultsTableViewController.swift */,
			);
			name = Controller;
			sourceTree = "<group>";
		};
		EFF3A3301C1E596000A6C942 /* Data */ = {
			isa = PBXGroup;
			children = (
				EFF80E9A1C1FB7D000CE7D4E /* DataController.swift */,
				EFF80E9C1C1FC2C200CE7D4E /* DataModel.xcdatamodeld */,
				EF1D79551C23BAD500BCA7F5 /* ImageController.swift */,
			);
			name = Data;
			sourceTree = "<group>";
		};
		EFF3A3361C1E5FFF00A6C942 /* Model */ = {
			isa = PBXGroup;
			children = (
				EFF80E9F1C1FC2F900CE7D4E /* Categories+CoreDataProperties.swift */,
				EFF80EA01C1FC2F900CE7D4E /* Categories.swift */,
				EF833B791C22696000735786 /* Reminders+CoreDataProperties.swift */,
				EF833B7A1C22696000735786 /* Reminders.swift */,
				EF04A1E61C2505BC00918ACA /* Users+CoreDataProperties.swift */,
				EF04A1E71C2505BC00918ACA /* Users.swift */,
			);
			name = Model;
			sourceTree = "<group>";
		};
/* End PBXGroup section */

/* Begin PBXNativeTarget section */
		EFD9C29B1C1510E700E0B7A4 /* Tie a String */ = {
			isa = PBXNativeTarget;
			buildConfigurationList = EFD9C2BD1C1510E700E0B7A4 /* Build configuration list for PBXNativeTarget "Tie a String" */;
			buildPhases = (
				EFD9C2981C1510E700E0B7A4 /* Sources */,
				EFD9C2991C1510E700E0B7A4 /* Frameworks */,
				EFD9C29A1C1510E700E0B7A4 /* Resources */,
			);
			buildRules = (
			);
			dependencies = (
			);
			name = "Tie a String";
			productName = "Tie a String";
			productReference = EFD9C29C1C1510E700E0B7A4 /* Tie a String.app */;
			productType = "com.apple.product-type.application";
		};
		EFD9C2B21C1510E700E0B7A4 /* Tie a StringTests */ = {
			isa = PBXNativeTarget;
			buildConfigurationList = EFD9C2C01C1510E700E0B7A4 /* Build configuration list for PBXNativeTarget "Tie a StringTests" */;
			buildPhases = (
				EFD9C2AF1C1510E700E0B7A4 /* Sources */,
				EFD9C2B01C1510E700E0B7A4 /* Frameworks */,
				EFD9C2B11C1510E700E0B7A4 /* Resources */,
			);
			buildRules = (
			);
			dependencies = (
				EFD9C2B51C1510E700E0B7A4 /* PBXTargetDependency */,
			);
			name = "Tie a StringTests";
			productName = "Tie a StringTests";
			productReference = EFD9C2B31C1510E700E0B7A4 /* Tie a StringTests.xctest */;
			productType = "com.apple.product-type.bundle.unit-test";
		};
/* End PBXNativeTarget section */

/* Begin PBXProject section */
		EFD9C2941C1510E700E0B7A4 /* Project object */ = {
			isa = PBXProject;
			attributes = {
				LastSwiftMigration = 0720;
				LastSwiftUpdateCheck = 0720;
				LastUpgradeCheck = 0640;
				ORGANIZATIONNAME = "Johnny Ferreira Corp";
				TargetAttributes = {
					EFD9C29B1C1510E700E0B7A4 = {
						CreatedOnToolsVersion = 6.4;
						DevelopmentTeam = 3585B3U93E;
					};
					EFD9C2B21C1510E700E0B7A4 = {
						CreatedOnToolsVersion = 6.4;
						TestTargetID = EFD9C29B1C1510E700E0B7A4;
					};
				};
			};
			buildConfigurationList = EFD9C2971C1510E700E0B7A4 /* Build configuration list for PBXProject "Tie a String" */;
			compatibilityVersion = "Xcode 3.2";
			developmentRegion = English;
			hasScannedForEncodings = 0;
			knownRegions = (
				en,
				Base,
			);
			mainGroup = EFD9C2931C1510E700E0B7A4;
			productRefGroup = EFD9C29D1C1510E700E0B7A4 /* Products */;
			projectDirPath = "";
			projectRoot = "";
			targets = (
				EFD9C29B1C1510E700E0B7A4 /* Tie a String */,
				EFD9C2B21C1510E700E0B7A4 /* Tie a StringTests */,
			);
		};
/* End PBXProject section */

/* Begin PBXResourcesBuildPhase section */
		EFD9C29A1C1510E700E0B7A4 /* Resources */ = {
			isa = PBXResourcesBuildPhase;
			buildActionMask = 2147483647;
			files = (
				EF1D79501C23888400BCA7F5 /* Icon-Small@3x.png in Resources */,
				EF1D79521C23888400BCA7F5 /* Icon@2x.png in Resources */,
				EFDB23921C2602DF00FC2242 /* home@3x.png in Resources */,
				EFB032681C20E8210005E860 /* CategorySelectionCollectionViewCell.xib in Resources */,
				EFDB23941C2602DF00FC2242 /* not-expired@2x.png in Resources */,
				EF1D794A1C23888400BCA7F5 /* Icon-Small-40@2x.png in Resources */,
				EF1D79471C23888400BCA7F5 /* Icon-76.png in Resources */,
				EFDB23911C2602DF00FC2242 /* home@2x.png in Resources */,
				EFDB23961C2602DF00FC2242 /* search@2x.png in Resources */,
				EFDB238C1C2602DF00FC2242 /* expired@3x.png in Resources */,
				EFDB23901C2602DF00FC2242 /* Residência.png in Resources */,
				EFDB23991C26115F00FC2242 /* ReminderTableViewCell.xib in Resources */,
				EFDB23931C2602DF00FC2242 /* Financeiro.png in Resources */,
				EF1D794C1C23888400BCA7F5 /* Icon-Small-50.png in Resources */,
				EF04A1EB1C251F3F00918ACA /* login-picture.jpg in Resources */,
				EF1D792E1C23887900BCA7F5 /* splash@2x.jpg in Resources */,
				EF1D79461C23888400BCA7F5 /* Icon-72@2x.png in Resources */,
				EFDB238B1C2602DF00FC2242 /* expired@2x.png in Resources */,
				EF1D794F1C23888400BCA7F5 /* Icon-Small@2x.png in Resources */,
				EF1D79481C23888400BCA7F5 /* Icon-76@2x.png in Resources */,
				EF1D79511C23888400BCA7F5 /* Icon.png in Resources */,
				EFDB23891C2602DF00FC2242 /* Automóvel.png in Resources */,
				EF1D79531C23888400BCA7F5 /* iTunesArtwork@2x.png in Resources */,
				EF1D794B1C23888400BCA7F5 /* Icon-Small-40@3x.png in Resources */,
				EFDB23971C2602DF00FC2242 /* search@3x.png in Resources */,
				EF1D794E1C23888400BCA7F5 /* Icon-Small.png in Resources */,
				EFDB23951C2602DF00FC2242 /* not-expired@3x.png in Resources */,
				EF1D794D1C23888400BCA7F5 /* Icon-Small-50@2x.png in Resources */,
				EF1D79421C23888400BCA7F5 /* Icon-60.png in Resources */,
				EFDB238A1C2602DF00FC2242 /* Documentos.png in Resources */,
				EF1D79451C23888400BCA7F5 /* Icon-72.png in Resources */,
				EFDB238E1C2602DF00FC2242 /* hand.png in Resources */,
				EF1D792F1C23887900BCA7F5 /* splash@3x.jpg in Resources */,
				EFD9C2A91C1510E700E0B7A4 /* Main.storyboard in Resources */,
				EF1D79431C23888400BCA7F5 /* Icon-60@2x.png in Resources */,
				EF1D79441C23888400BCA7F5 /* Icon-60@3x.png in Resources */,
				EFD9C2AE1C1510E700E0B7A4 /* LaunchScreen.xib in Resources */,
				EFDB238F1C2602DF00FC2242 /* Saúde.png in Resources */,
				EF1D79491C23888400BCA7F5 /* Icon-Small-40.png in Resources */,
				EFD9C2AB1C1510E700E0B7A4 /* Images.xcassets in Resources */,
				EFDB238D1C2602DF00FC2242 /* Alimentos.png in Resources */,
				EF7719C11C167432006D0AC5 /* img.JPG in Resources */,
			);
			runOnlyForDeploymentPostprocessing = 0;
		};
		EFD9C2B11C1510E700E0B7A4 /* Resources */ = {
			isa = PBXResourcesBuildPhase;
			buildActionMask = 2147483647;
			files = (
			);
			runOnlyForDeploymentPostprocessing = 0;
		};
/* End PBXResourcesBuildPhase section */

/* Begin PBXSourcesBuildPhase section */
		EFD9C2981C1510E700E0B7A4 /* Sources */ = {
			isa = PBXSourcesBuildPhase;
			buildActionMask = 2147483647;
			files = (
				EF833B7C1C22696000735786 /* Reminders.swift in Sources */,
				EF64F5A51C17C26F00766ECF /* LoginViewController.swift in Sources */,
				EFF80E9B1C1FB7D000CE7D4E /* DataController.swift in Sources */,
				EFF3A3271C1E4CAF00A6C942 /* NotExpiredTableViewController.swift in Sources */,
				EF04A1E81C2505BC00918ACA /* Users+CoreDataProperties.swift in Sources */,
				EF1D795B1C23CB9300BCA7F5 /* ResultsTableViewController.swift in Sources */,
				EFF80EA21C1FC2F900CE7D4E /* Categories.swift in Sources */,
				EF7719BE1C166F2B006D0AC5 /* WelcomeViewController.swift in Sources */,
				EFF3A32D1C1E4EFC00A6C942 /* AddDetailsViewController.swift in Sources */,
				EFDB239B1C26127600FC2242 /* ReminderTableViewCell.swift in Sources */,
				EFF80E9E1C1FC2C200CE7D4E /* DataModel.xcdatamodeld in Sources */,
				EFF80EA11C1FC2F900CE7D4E /* Categories+CoreDataProperties.swift in Sources */,
				EFF3A32F1C1E56B100A6C942 /* SelectCategoryCollectionViewController.swift in Sources */,
				EF64F5A11C17C23600766ECF /* EnterViewController.swift in Sources */,
				EFD9C2CB1C15283E00E0B7A4 /* PageContentViewController.swift in Sources */,
				EF64F5A71C17C75B00766ECF /* Constants.swift in Sources */,
				EFB0326A1C20E8D60005E860 /* CategorySelectionCollectionViewCell.swift in Sources */,
				EF04A1E91C2505BC00918ACA /* Users.swift in Sources */,
				EF64F5A91C17C97400766ECF /* HomeCollectionViewController.swift in Sources */,
				EF1D79591C23CB4000BCA7F5 /* SearchViewController.swift in Sources */,
				EF1D79561C23BAD500BCA7F5 /* ImageController.swift in Sources */,
				EF64F5A31C17C25600766ECF /* JoinViewController.swift in Sources */,
				EFF3A3291C1E4CC800A6C942 /* ExpiredTableViewController.swift in Sources */,
				EFD9C2A21C1510E700E0B7A4 /* AppDelegate.swift in Sources */,
				EF833B7B1C22696000735786 /* Reminders+CoreDataProperties.swift in Sources */,
			);
			runOnlyForDeploymentPostprocessing = 0;
		};
		EFD9C2AF1C1510E700E0B7A4 /* Sources */ = {
			isa = PBXSourcesBuildPhase;
			buildActionMask = 2147483647;
			files = (
				EFD9C2BA1C1510E700E0B7A4 /* Tie_a_StringTests.swift in Sources */,
			);
			runOnlyForDeploymentPostprocessing = 0;
		};
/* End PBXSourcesBuildPhase section */

/* Begin PBXTargetDependency section */
		EFD9C2B51C1510E700E0B7A4 /* PBXTargetDependency */ = {
			isa = PBXTargetDependency;
			target = EFD9C29B1C1510E700E0B7A4 /* Tie a String */;
			targetProxy = EFD9C2B41C1510E700E0B7A4 /* PBXContainerItemProxy */;
		};
/* End PBXTargetDependency section */

/* Begin PBXVariantGroup section */
		EFD9C2A71C1510E700E0B7A4 /* Main.storyboard */ = {
			isa = PBXVariantGroup;
			children = (
				EFD9C2A81C1510E700E0B7A4 /* Base */,
			);
			name = Main.storyboard;
			sourceTree = "<group>";
		};
		EFD9C2AC1C1510E700E0B7A4 /* LaunchScreen.xib */ = {
			isa = PBXVariantGroup;
			children = (
				EFD9C2AD1C1510E700E0B7A4 /* Base */,
			);
			name = LaunchScreen.xib;
			sourceTree = "<group>";
		};
/* End PBXVariantGroup section */

/* Begin XCBuildConfiguration section */
		EFD9C2BB1C1510E700E0B7A4 /* Debug */ = {
			isa = XCBuildConfiguration;
			buildSettings = {
				ALWAYS_SEARCH_USER_PATHS = NO;
				CLANG_CXX_LANGUAGE_STANDARD = "gnu++0x";
				CLANG_CXX_LIBRARY = "libc++";
				CLANG_ENABLE_MODULES = YES;
				CLANG_ENABLE_OBJC_ARC = YES;
				CLANG_WARN_BOOL_CONVERSION = YES;
				CLANG_WARN_CONSTANT_CONVERSION = YES;
				CLANG_WARN_DIRECT_OBJC_ISA_USAGE = YES_ERROR;
				CLANG_WARN_EMPTY_BODY = YES;
				CLANG_WARN_ENUM_CONVERSION = YES;
				CLANG_WARN_INT_CONVERSION = YES;
				CLANG_WARN_OBJC_ROOT_CLASS = YES_ERROR;
				CLANG_WARN_UNREACHABLE_CODE = YES;
				CLANG_WARN__DUPLICATE_METHOD_MATCH = YES;
				"CODE_SIGN_IDENTITY[sdk=iphoneos*]" = "iPhone Developer";
				COPY_PHASE_STRIP = NO;
				DEBUG_INFORMATION_FORMAT = "dwarf-with-dsym";
				ENABLE_STRICT_OBJC_MSGSEND = YES;
				GCC_C_LANGUAGE_STANDARD = gnu99;
				GCC_DYNAMIC_NO_PIC = NO;
				GCC_NO_COMMON_BLOCKS = YES;
				GCC_OPTIMIZATION_LEVEL = 0;
				GCC_PREPROCESSOR_DEFINITIONS = (
					"DEBUG=1",
					"$(inherited)",
				);
				GCC_SYMBOLS_PRIVATE_EXTERN = NO;
				GCC_WARN_64_TO_32_BIT_CONVERSION = YES;
				GCC_WARN_ABOUT_RETURN_TYPE = YES_ERROR;
				GCC_WARN_UNDECLARED_SELECTOR = YES;
				GCC_WARN_UNINITIALIZED_AUTOS = YES_AGGRESSIVE;
				GCC_WARN_UNUSED_FUNCTION = YES;
				GCC_WARN_UNUSED_VARIABLE = YES;
				IPHONEOS_DEPLOYMENT_TARGET = 8.4;
				MTL_ENABLE_DEBUG_INFO = YES;
				ONLY_ACTIVE_ARCH = YES;
				SDKROOT = iphoneos;
				SWIFT_OPTIMIZATION_LEVEL = "-Onone";
			};
			name = Debug;
		};
		EFD9C2BC1C1510E700E0B7A4 /* Release */ = {
			isa = XCBuildConfiguration;
			buildSettings = {
				ALWAYS_SEARCH_USER_PATHS = NO;
				CLANG_CXX_LANGUAGE_STANDARD = "gnu++0x";
				CLANG_CXX_LIBRARY = "libc++";
				CLANG_ENABLE_MODULES = YES;
				CLANG_ENABLE_OBJC_ARC = YES;
				CLANG_WARN_BOOL_CONVERSION = YES;
				CLANG_WARN_CONSTANT_CONVERSION = YES;
				CLANG_WARN_DIRECT_OBJC_ISA_USAGE = YES_ERROR;
				CLANG_WARN_EMPTY_BODY = YES;
				CLANG_WARN_ENUM_CONVERSION = YES;
				CLANG_WARN_INT_CONVERSION = YES;
				CLANG_WARN_OBJC_ROOT_CLASS = YES_ERROR;
				CLANG_WARN_UNREACHABLE_CODE = YES;
				CLANG_WARN__DUPLICATE_METHOD_MATCH = YES;
				"CODE_SIGN_IDENTITY[sdk=iphoneos*]" = "iPhone Developer";
				COPY_PHASE_STRIP = NO;
				DEBUG_INFORMATION_FORMAT = "dwarf-with-dsym";
				ENABLE_NS_ASSERTIONS = NO;
				ENABLE_STRICT_OBJC_MSGSEND = YES;
				GCC_C_LANGUAGE_STANDARD = gnu99;
				GCC_NO_COMMON_BLOCKS = YES;
				GCC_WARN_64_TO_32_BIT_CONVERSION = YES;
				GCC_WARN_ABOUT_RETURN_TYPE = YES_ERROR;
				GCC_WARN_UNDECLARED_SELECTOR = YES;
				GCC_WARN_UNINITIALIZED_AUTOS = YES_AGGRESSIVE;
				GCC_WARN_UNUSED_FUNCTION = YES;
				GCC_WARN_UNUSED_VARIABLE = YES;
				IPHONEOS_DEPLOYMENT_TARGET = 8.4;
				MTL_ENABLE_DEBUG_INFO = NO;
				SDKROOT = iphoneos;
				VALIDATE_PRODUCT = YES;
			};
			name = Release;
		};
		EFD9C2BE1C1510E700E0B7A4 /* Debug */ = {
			isa = XCBuildConfiguration;
			buildSettings = {
				ASSETCATALOG_COMPILER_APPICON_NAME = AppIcon;
				CODE_SIGN_IDENTITY = "iPhone Developer";
				INFOPLIST_FILE = "Tie a String/Info.plist";
				LD_RUNPATH_SEARCH_PATHS = "$(inherited) @executable_path/Frameworks";
				PRODUCT_NAME = "$(TARGET_NAME)";
			};
			name = Debug;
		};
		EFD9C2BF1C1510E700E0B7A4 /* Release */ = {
			isa = XCBuildConfiguration;
			buildSettings = {
				ASSETCATALOG_COMPILER_APPICON_NAME = AppIcon;
				CODE_SIGN_IDENTITY = "iPhone Developer";
				INFOPLIST_FILE = "Tie a String/Info.plist";
				LD_RUNPATH_SEARCH_PATHS = "$(inherited) @executable_path/Frameworks";
				PRODUCT_NAME = "$(TARGET_NAME)";
			};
			name = Release;
		};
		EFD9C2C11C1510E700E0B7A4 /* Debug */ = {
			isa = XCBuildConfiguration;
			buildSettings = {
				BUNDLE_LOADER = "$(TEST_HOST)";
				FRAMEWORK_SEARCH_PATHS = (
					"$(SDKROOT)/Developer/Library/Frameworks",
					"$(inherited)",
				);
				GCC_PREPROCESSOR_DEFINITIONS = (
					"DEBUG=1",
					"$(inherited)",
				);
				INFOPLIST_FILE = "Tie a StringTests/Info.plist";
				LD_RUNPATH_SEARCH_PATHS = "$(inherited) @executable_path/Frameworks @loader_path/Frameworks";
				PRODUCT_NAME = "$(TARGET_NAME)";
				TEST_HOST = "$(BUILT_PRODUCTS_DIR)/Tie a String.app/Tie a String";
			};
			name = Debug;
		};
		EFD9C2C21C1510E700E0B7A4 /* Release */ = {
			isa = XCBuildConfiguration;
			buildSettings = {
				BUNDLE_LOADER = "$(TEST_HOST)";
				FRAMEWORK_SEARCH_PATHS = (
					"$(SDKROOT)/Developer/Library/Frameworks",
					"$(inherited)",
				);
				INFOPLIST_FILE = "Tie a StringTests/Info.plist";
				LD_RUNPATH_SEARCH_PATHS = "$(inherited) @executable_path/Frameworks @loader_path/Frameworks";
				PRODUCT_NAME = "$(TARGET_NAME)";
				TEST_HOST = "$(BUILT_PRODUCTS_DIR)/Tie a String.app/Tie a String";
			};
			name = Release;
		};
/* End XCBuildConfiguration section */

/* Begin XCConfigurationList section */
		EFD9C2971C1510E700E0B7A4 /* Build configuration list for PBXProject "Tie a String" */ = {
			isa = XCConfigurationList;
			buildConfigurations = (
				EFD9C2BB1C1510E700E0B7A4 /* Debug */,
				EFD9C2BC1C1510E700E0B7A4 /* Release */,
			);
			defaultConfigurationIsVisible = 0;
			defaultConfigurationName = Release;
		};
		EFD9C2BD1C1510E700E0B7A4 /* Build configuration list for PBXNativeTarget "Tie a String" */ = {
			isa = XCConfigurationList;
			buildConfigurations = (
				EFD9C2BE1C1510E700E0B7A4 /* Debug */,
				EFD9C2BF1C1510E700E0B7A4 /* Release */,
			);
			defaultConfigurationIsVisible = 0;
			defaultConfigurationName = Release;
		};
		EFD9C2C01C1510E700E0B7A4 /* Build configuration list for PBXNativeTarget "Tie a StringTests" */ = {
			isa = XCConfigurationList;
			buildConfigurations = (
				EFD9C2C11C1510E700E0B7A4 /* Debug */,
				EFD9C2C21C1510E700E0B7A4 /* Release */,
			);
			defaultConfigurationIsVisible = 0;
			defaultConfigurationName = Release;
		};
/* End XCConfigurationList section */

/* Begin XCVersionGroup section */
		EFF80E9C1C1FC2C200CE7D4E /* DataModel.xcdatamodeld */ = {
			isa = XCVersionGroup;
			children = (
				EFF80E9D1C1FC2C200CE7D4E /* DataModel.xcdatamodel */,
			);
			currentVersion = EFF80E9D1C1FC2C200CE7D4E /* DataModel.xcdatamodel */;
			path = DataModel.xcdatamodeld;
			sourceTree = "<group>";
			versionGroupType = wrapper.xcdatamodel;
		};
/* End XCVersionGroup section */
	};
	rootObject = EFD9C2941C1510E700E0B7A4 /* Project object */;
}
